// !$*UTF8*$!
{
	archiveVersion = 1;
	classes = {
	};
	objectVersion = 51;
	objects = {

/* Begin PBXBuildFile section */
		D45E084624B6530B0085ADCF /* BindableType.swift in Sources */ = {isa = PBXBuildFile; fileRef = D45E084524B6530B0085ADCF /* BindableType.swift */; };
		D45E084824B655710085ADCF /* SceneCoordinator.swift in Sources */ = {isa = PBXBuildFile; fileRef = D45E084724B655710085ADCF /* SceneCoordinator.swift */; };
		D45E084B24B65BC10085ADCF /* CharacterServiceType.swift in Sources */ = {isa = PBXBuildFile; fileRef = D45E084A24B65BC10085ADCF /* CharacterServiceType.swift */; };
		D45E084D24B65BF80085ADCF /* CharacterService.swift in Sources */ = {isa = PBXBuildFile; fileRef = D45E084C24B65BF80085ADCF /* CharacterService.swift */; };
		D45E084F24B65C490085ADCF /* CharacterItem.swift in Sources */ = {isa = PBXBuildFile; fileRef = D45E084E24B65C490085ADCF /* CharacterItem.swift */; };
		D45E5EEF24B47DC500BF1FED /* AppDelegate.swift in Sources */ = {isa = PBXBuildFile; fileRef = D45E5EEE24B47DC500BF1FED /* AppDelegate.swift */; };
		D45E5EF124B47DC500BF1FED /* SceneDelegate.swift in Sources */ = {isa = PBXBuildFile; fileRef = D45E5EF024B47DC500BF1FED /* SceneDelegate.swift */; };
		D45E5EF624B47DC500BF1FED /* Main.storyboard in Resources */ = {isa = PBXBuildFile; fileRef = D45E5EF424B47DC500BF1FED /* Main.storyboard */; };
		D45E5EF824B47DC600BF1FED /* Assets.xcassets in Resources */ = {isa = PBXBuildFile; fileRef = D45E5EF724B47DC600BF1FED /* Assets.xcassets */; };
		D45E5EFB24B47DC600BF1FED /* LaunchScreen.storyboard in Resources */ = {isa = PBXBuildFile; fileRef = D45E5EF924B47DC600BF1FED /* LaunchScreen.storyboard */; };
		D465783024B5C82000E7FCD4 /* SearchViewController.swift in Sources */ = {isa = PBXBuildFile; fileRef = D465782F24B5C82000E7FCD4 /* SearchViewController.swift */; };
		D465783224B5C86E00E7FCD4 /* CharacterDetailViewController.swift in Sources */ = {isa = PBXBuildFile; fileRef = D465783124B5C86E00E7FCD4 /* CharacterDetailViewController.swift */; };
		D465783424B5CABF00E7FCD4 /* SearchViewModel.swift in Sources */ = {isa = PBXBuildFile; fileRef = D465783324B5CABF00E7FCD4 /* SearchViewModel.swift */; };
		D465783624B5CAD100E7FCD4 /* CharacterDetailViewModel.swift in Sources */ = {isa = PBXBuildFile; fileRef = D465783524B5CAD100E7FCD4 /* CharacterDetailViewModel.swift */; };
		D465783B24B5CDEE00E7FCD4 /* Scene.swift in Sources */ = {isa = PBXBuildFile; fileRef = D465783A24B5CDEE00E7FCD4 /* Scene.swift */; };
		D465783D24B5CE5000E7FCD4 /* Scene+ViewController.swift in Sources */ = {isa = PBXBuildFile; fileRef = D465783C24B5CE5000E7FCD4 /* Scene+ViewController.swift */; };
		D465783F24B5DD8900E7FCD4 /* SceneTransitionType.swift in Sources */ = {isa = PBXBuildFile; fileRef = D465783E24B5DD8900E7FCD4 /* SceneTransitionType.swift */; };
		D465784124B5DDCA00E7FCD4 /* SceneCoordinatorType.swift in Sources */ = {isa = PBXBuildFile; fileRef = D465784024B5DDCA00E7FCD4 /* SceneCoordinatorType.swift */; };
		E4F6BCE6F01C320FDA880A70 /* Pods_MarvelSearch.framework in Frameworks */ = {isa = PBXBuildFile; fileRef = 35FEB48DDAE7F6BAAD8B37E4 /* Pods_MarvelSearch.framework */; };
/* End PBXBuildFile section */

/* Begin PBXFileReference section */
		35FEB48DDAE7F6BAAD8B37E4 /* Pods_MarvelSearch.framework */ = {isa = PBXFileReference; explicitFileType = wrapper.framework; includeInIndex = 0; path = Pods_MarvelSearch.framework; sourceTree = BUILT_PRODUCTS_DIR; };
		69F6B9281BB5CE818FBB2CCF /* Pods-MarvelSearch.debug.xcconfig */ = {isa = PBXFileReference; includeInIndex = 1; lastKnownFileType = text.xcconfig; name = "Pods-MarvelSearch.debug.xcconfig"; path = "Target Support Files/Pods-MarvelSearch/Pods-MarvelSearch.debug.xcconfig"; sourceTree = "<group>"; };
		D45E084524B6530B0085ADCF /* BindableType.swift */ = {isa = PBXFileReference; lastKnownFileType = sourcecode.swift; path = BindableType.swift; sourceTree = "<group>"; };
		D45E084724B655710085ADCF /* SceneCoordinator.swift */ = {isa = PBXFileReference; lastKnownFileType = sourcecode.swift; path = SceneCoordinator.swift; sourceTree = "<group>"; };
		D45E084A24B65BC10085ADCF /* CharacterServiceType.swift */ = {isa = PBXFileReference; lastKnownFileType = sourcecode.swift; path = CharacterServiceType.swift; sourceTree = "<group>"; };
		D45E084C24B65BF80085ADCF /* CharacterService.swift */ = {isa = PBXFileReference; lastKnownFileType = sourcecode.swift; path = CharacterService.swift; sourceTree = "<group>"; };
		D45E084E24B65C490085ADCF /* CharacterItem.swift */ = {isa = PBXFileReference; lastKnownFileType = sourcecode.swift; path = CharacterItem.swift; sourceTree = "<group>"; };
		D45E5EEB24B47DC500BF1FED /* MarvelSearch.app */ = {isa = PBXFileReference; explicitFileType = wrapper.application; includeInIndex = 0; path = MarvelSearch.app; sourceTree = BUILT_PRODUCTS_DIR; };
		D45E5EEE24B47DC500BF1FED /* AppDelegate.swift */ = {isa = PBXFileReference; lastKnownFileType = sourcecode.swift; path = AppDelegate.swift; sourceTree = "<group>"; };
		D45E5EF024B47DC500BF1FED /* SceneDelegate.swift */ = {isa = PBXFileReference; lastKnownFileType = sourcecode.swift; path = SceneDelegate.swift; sourceTree = "<group>"; };
		D45E5EF524B47DC500BF1FED /* Base */ = {isa = PBXFileReference; lastKnownFileType = file.storyboard; name = Base; path = Base.lproj/Main.storyboard; sourceTree = "<group>"; };
		D45E5EF724B47DC600BF1FED /* Assets.xcassets */ = {isa = PBXFileReference; lastKnownFileType = folder.assetcatalog; path = Assets.xcassets; sourceTree = "<group>"; };
		D45E5EFA24B47DC600BF1FED /* Base */ = {isa = PBXFileReference; lastKnownFileType = file.storyboard; name = Base; path = Base.lproj/LaunchScreen.storyboard; sourceTree = "<group>"; };
		D45E5EFC24B47DC600BF1FED /* Info.plist */ = {isa = PBXFileReference; lastKnownFileType = text.plist.xml; path = Info.plist; sourceTree = "<group>"; };
		D465782F24B5C82000E7FCD4 /* SearchViewController.swift */ = {isa = PBXFileReference; lastKnownFileType = sourcecode.swift; path = SearchViewController.swift; sourceTree = "<group>"; };
		D465783124B5C86E00E7FCD4 /* CharacterDetailViewController.swift */ = {isa = PBXFileReference; lastKnownFileType = sourcecode.swift; path = CharacterDetailViewController.swift; sourceTree = "<group>"; };
		D465783324B5CABF00E7FCD4 /* SearchViewModel.swift */ = {isa = PBXFileReference; lastKnownFileType = sourcecode.swift; path = SearchViewModel.swift; sourceTree = "<group>"; };
		D465783524B5CAD100E7FCD4 /* CharacterDetailViewModel.swift */ = {isa = PBXFileReference; lastKnownFileType = sourcecode.swift; path = CharacterDetailViewModel.swift; sourceTree = "<group>"; };
		D465783A24B5CDEE00E7FCD4 /* Scene.swift */ = {isa = PBXFileReference; lastKnownFileType = sourcecode.swift; path = Scene.swift; sourceTree = "<group>"; };
		D465783C24B5CE5000E7FCD4 /* Scene+ViewController.swift */ = {isa = PBXFileReference; lastKnownFileType = sourcecode.swift; path = "Scene+ViewController.swift"; sourceTree = "<group>"; };
		D465783E24B5DD8900E7FCD4 /* SceneTransitionType.swift */ = {isa = PBXFileReference; lastKnownFileType = sourcecode.swift; path = SceneTransitionType.swift; sourceTree = "<group>"; };
		D465784024B5DDCA00E7FCD4 /* SceneCoordinatorType.swift */ = {isa = PBXFileReference; lastKnownFileType = sourcecode.swift; path = SceneCoordinatorType.swift; sourceTree = "<group>"; };
		ECABD4142682928B72FB8DFC /* Pods-MarvelSearch.release.xcconfig */ = {isa = PBXFileReference; includeInIndex = 1; lastKnownFileType = text.xcconfig; name = "Pods-MarvelSearch.release.xcconfig"; path = "Target Support Files/Pods-MarvelSearch/Pods-MarvelSearch.release.xcconfig"; sourceTree = "<group>"; };
/* End PBXFileReference section */

/* Begin PBXFrameworksBuildPhase section */
		D45E5EE824B47DC500BF1FED /* Frameworks */ = {
			isa = PBXFrameworksBuildPhase;
			buildActionMask = 2147483647;
			files = (
				E4F6BCE6F01C320FDA880A70 /* Pods_MarvelSearch.framework in Frameworks */,
			);
			runOnlyForDeploymentPostprocessing = 0;
		};
/* End PBXFrameworksBuildPhase section */

/* Begin PBXGroup section */
		0DBD01C32D45E4A3C5F27E39 /* Pods */ = {
			isa = PBXGroup;
			children = (
				69F6B9281BB5CE818FBB2CCF /* Pods-MarvelSearch.debug.xcconfig */,
				ECABD4142682928B72FB8DFC /* Pods-MarvelSearch.release.xcconfig */,
			);
			path = Pods;
			sourceTree = "<group>";
		};
		D2CC68B39C043978A8A7EBEA /* Frameworks */ = {
			isa = PBXGroup;
			children = (
				35FEB48DDAE7F6BAAD8B37E4 /* Pods_MarvelSearch.framework */,
			);
			name = Frameworks;
			sourceTree = "<group>";
		};
		D45E084424B652F80085ADCF /* Model */ = {
			isa = PBXGroup;
			children = (
				D45E084524B6530B0085ADCF /* BindableType.swift */,
				D45E084E24B65C490085ADCF /* CharacterItem.swift */,
			);
			path = Model;
			sourceTree = "<group>";
		};
		D45E084924B65BA90085ADCF /* Services */ = {
			isa = PBXGroup;
			children = (
				D45E084A24B65BC10085ADCF /* CharacterServiceType.swift */,
				D45E084C24B65BF80085ADCF /* CharacterService.swift */,
			);
			path = Services;
			sourceTree = "<group>";
		};
		D45E5EE224B47DC500BF1FED = {
			isa = PBXGroup;
			children = (
				D45E5EED24B47DC500BF1FED /* MarvelSearch */,
				D45E5EEC24B47DC500BF1FED /* Products */,
				0DBD01C32D45E4A3C5F27E39 /* Pods */,
				D2CC68B39C043978A8A7EBEA /* Frameworks */,
			);
			sourceTree = "<group>";
		};
		D45E5EEC24B47DC500BF1FED /* Products */ = {
			isa = PBXGroup;
			children = (
				D45E5EEB24B47DC500BF1FED /* MarvelSearch.app */,
			);
			name = Products;
			sourceTree = "<group>";
		};
		D45E5EED24B47DC500BF1FED /* MarvelSearch */ = {
			isa = PBXGroup;
			children = (
				D45E5EEE24B47DC500BF1FED /* AppDelegate.swift */,
				D45E5EF024B47DC500BF1FED /* SceneDelegate.swift */,
				D45E084924B65BA90085ADCF /* Services */,
				D45E084424B652F80085ADCF /* Model */,
				D465783924B5CDD800E7FCD4 /* Scenes */,
				D465783724B5CAD700E7FCD4 /* Controllers */,
				D45E5EF424B47DC500BF1FED /* Main.storyboard */,
				D45E5EF724B47DC600BF1FED /* Assets.xcassets */,
				D45E5EF924B47DC600BF1FED /* LaunchScreen.storyboard */,
				D45E5EFC24B47DC600BF1FED /* Info.plist */,
			);
			path = MarvelSearch;
			sourceTree = "<group>";
		};
		D465783724B5CAD700E7FCD4 /* Controllers */ = {
			isa = PBXGroup;
			children = (
				D465782F24B5C82000E7FCD4 /* SearchViewController.swift */,
				D465783324B5CABF00E7FCD4 /* SearchViewModel.swift */,
				D465783124B5C86E00E7FCD4 /* CharacterDetailViewController.swift */,
				D465783524B5CAD100E7FCD4 /* CharacterDetailViewModel.swift */,
			);
			path = Controllers;
			sourceTree = "<group>";
		};
		D465783924B5CDD800E7FCD4 /* Scenes */ = {
			isa = PBXGroup;
			children = (
				D465783A24B5CDEE00E7FCD4 /* Scene.swift */,
				D465784024B5DDCA00E7FCD4 /* SceneCoordinatorType.swift */,
				D45E084724B655710085ADCF /* SceneCoordinator.swift */,
				D465783C24B5CE5000E7FCD4 /* Scene+ViewController.swift */,
				D465783E24B5DD8900E7FCD4 /* SceneTransitionType.swift */,
			);
			path = Scenes;
			sourceTree = "<group>";
		};
/* End PBXGroup section */

/* Begin PBXNativeTarget section */
		D45E5EEA24B47DC500BF1FED /* MarvelSearch */ = {
			isa = PBXNativeTarget;
			buildConfigurationList = D45E5EFF24B47DC600BF1FED /* Build configuration list for PBXNativeTarget "MarvelSearch" */;
			buildPhases = (
				F771D7E6E1C08332E6446738 /* [CP] Check Pods Manifest.lock */,
				D45E5EE724B47DC500BF1FED /* Sources */,
				D45E5EE824B47DC500BF1FED /* Frameworks */,
				D45E5EE924B47DC500BF1FED /* Resources */,
				E6DEA11A27C43F62A0B13474 /* [CP] Embed Pods Frameworks */,
			);
			buildRules = (
			);
			dependencies = (
			);
			name = MarvelSearch;
			productName = MarvelSearch;
			productReference = D45E5EEB24B47DC500BF1FED /* MarvelSearch.app */;
			productType = "com.apple.product-type.application";
		};
/* End PBXNativeTarget section */

/* Begin PBXProject section */
		D45E5EE324B47DC500BF1FED /* Project object */ = {
			isa = PBXProject;
			attributes = {
				LastSwiftUpdateCheck = 1150;
				LastUpgradeCheck = 1150;
				ORGANIZATIONNAME = "Alexander Grishin";
				TargetAttributes = {
					D45E5EEA24B47DC500BF1FED = {
						CreatedOnToolsVersion = 11.5;
					};
				};
			};
			buildConfigurationList = D45E5EE624B47DC500BF1FED /* Build configuration list for PBXProject "MarvelSearch" */;
			compatibilityVersion = "Xcode 9.3";
			developmentRegion = en;
			hasScannedForEncodings = 0;
			knownRegions = (
				en,
				Base,
			);
			mainGroup = D45E5EE224B47DC500BF1FED;
			productRefGroup = D45E5EEC24B47DC500BF1FED /* Products */;
			projectDirPath = "";
			projectRoot = "";
			targets = (
				D45E5EEA24B47DC500BF1FED /* MarvelSearch */,
			);
		};
/* End PBXProject section */

/* Begin PBXResourcesBuildPhase section */
		D45E5EE924B47DC500BF1FED /* Resources */ = {
			isa = PBXResourcesBuildPhase;
			buildActionMask = 2147483647;
			files = (
				D45E5EFB24B47DC600BF1FED /* LaunchScreen.storyboard in Resources */,
				D45E5EF824B47DC600BF1FED /* Assets.xcassets in Resources */,
				D45E5EF624B47DC500BF1FED /* Main.storyboard in Resources */,
			);
			runOnlyForDeploymentPostprocessing = 0;
		};
/* End PBXResourcesBuildPhase section */

/* Begin PBXShellScriptBuildPhase section */
		E6DEA11A27C43F62A0B13474 /* [CP] Embed Pods Frameworks */ = {
			isa = PBXShellScriptBuildPhase;
			buildActionMask = 2147483647;
			files = (
			);
			inputFileListPaths = (
				"${PODS_ROOT}/Target Support Files/Pods-MarvelSearch/Pods-MarvelSearch-frameworks-${CONFIGURATION}-input-files.xcfilelist",
			);
			name = "[CP] Embed Pods Frameworks";
			outputFileListPaths = (
				"${PODS_ROOT}/Target Support Files/Pods-MarvelSearch/Pods-MarvelSearch-frameworks-${CONFIGURATION}-output-files.xcfilelist",
			);
			runOnlyForDeploymentPostprocessing = 0;
			shellPath = /bin/sh;
			shellScript = "\"${PODS_ROOT}/Target Support Files/Pods-MarvelSearch/Pods-MarvelSearch-frameworks.sh\"\n";
			showEnvVarsInLog = 0;
		};
		F771D7E6E1C08332E6446738 /* [CP] Check Pods Manifest.lock */ = {
			isa = PBXShellScriptBuildPhase;
			buildActionMask = 2147483647;
			files = (
			);
			inputFileListPaths = (
			);
			inputPaths = (
				"${PODS_PODFILE_DIR_PATH}/Podfile.lock",
				"${PODS_ROOT}/Manifest.lock",
			);
			name = "[CP] Check Pods Manifest.lock";
			outputFileListPaths = (
			);
			outputPaths = (
				"$(DERIVED_FILE_DIR)/Pods-MarvelSearch-checkManifestLockResult.txt",
			);
			runOnlyForDeploymentPostprocessing = 0;
			shellPath = /bin/sh;
			shellScript = "diff \"${PODS_PODFILE_DIR_PATH}/Podfile.lock\" \"${PODS_ROOT}/Manifest.lock\" > /dev/null\nif [ $? != 0 ] ; then\n    # print error to STDERR\n    echo \"error: The sandbox is not in sync with the Podfile.lock. Run 'pod install' or update your CocoaPods installation.\" >&2\n    exit 1\nfi\n# This output is used by Xcode 'outputs' to avoid re-running this script phase.\necho \"SUCCESS\" > \"${SCRIPT_OUTPUT_FILE_0}\"\n";
			showEnvVarsInLog = 0;
		};
/* End PBXShellScriptBuildPhase section */

/* Begin PBXSourcesBuildPhase section */
		D45E5EE724B47DC500BF1FED /* Sources */ = {
			isa = PBXSourcesBuildPhase;
			buildActionMask = 2147483647;
			files = (
				D465783D24B5CE5000E7FCD4 /* Scene+ViewController.swift in Sources */,
				D465783B24B5CDEE00E7FCD4 /* Scene.swift in Sources */,
				D465783024B5C82000E7FCD4 /* SearchViewController.swift in Sources */,
				D45E084824B655710085ADCF /* SceneCoordinator.swift in Sources */,
				D465783424B5CABF00E7FCD4 /* SearchViewModel.swift in Sources */,
				D45E084B24B65BC10085ADCF /* CharacterServiceType.swift in Sources */,
				D45E084F24B65C490085ADCF /* CharacterItem.swift in Sources */,
				D465783224B5C86E00E7FCD4 /* CharacterDetailViewController.swift in Sources */,
				D465783624B5CAD100E7FCD4 /* CharacterDetailViewModel.swift in Sources */,
				D45E5EEF24B47DC500BF1FED /* AppDelegate.swift in Sources */,
				D45E084D24B65BF80085ADCF /* CharacterService.swift in Sources */,
				D465784124B5DDCA00E7FCD4 /* SceneCoordinatorType.swift in Sources */,
				D45E5EF124B47DC500BF1FED /* SceneDelegate.swift in Sources */,
				D45E084624B6530B0085ADCF /* BindableType.swift in Sources */,
				D465783F24B5DD8900E7FCD4 /* SceneTransitionType.swift in Sources */,
			);
			runOnlyForDeploymentPostprocessing = 0;
		};
/* End PBXSourcesBuildPhase section */

/* Begin PBXVariantGroup section */
		D45E5EF424B47DC500BF1FED /* Main.storyboard */ = {
			isa = PBXVariantGroup;
			children = (
				D45E5EF524B47DC500BF1FED /* Base */,
			);
			name = Main.storyboard;
			sourceTree = "<group>";
		};
		D45E5EF924B47DC600BF1FED /* LaunchScreen.storyboard */ = {
			isa = PBXVariantGroup;
			children = (
				D45E5EFA24B47DC600BF1FED /* Base */,
			);
			name = LaunchScreen.storyboard;
			sourceTree = "<group>";
		};
/* End PBXVariantGroup section */

/* Begin XCBuildConfiguration section */
		D45E5EFD24B47DC600BF1FED /* Debug */ = {
			isa = XCBuildConfiguration;
			buildSettings = {
				ALWAYS_SEARCH_USER_PATHS = NO;
				CLANG_ANALYZER_NONNULL = YES;
				CLANG_ANALYZER_NUMBER_OBJECT_CONVERSION = YES_AGGRESSIVE;
				CLANG_CXX_LANGUAGE_STANDARD = "gnu++14";
				CLANG_CXX_LIBRARY = "libc++";
				CLANG_ENABLE_MODULES = YES;
				CLANG_ENABLE_OBJC_ARC = YES;
				CLANG_ENABLE_OBJC_WEAK = YES;
				CLANG_WARN_BLOCK_CAPTURE_AUTORELEASING = YES;
				CLANG_WARN_BOOL_CONVERSION = YES;
				CLANG_WARN_COMMA = YES;
				CLANG_WARN_CONSTANT_CONVERSION = YES;
				CLANG_WARN_DEPRECATED_OBJC_IMPLEMENTATIONS = YES;
				CLANG_WARN_DIRECT_OBJC_ISA_USAGE = YES_ERROR;
				CLANG_WARN_DOCUMENTATION_COMMENTS = YES;
				CLANG_WARN_EMPTY_BODY = YES;
				CLANG_WARN_ENUM_CONVERSION = YES;
				CLANG_WARN_INFINITE_RECURSION = YES;
				CLANG_WARN_INT_CONVERSION = YES;
				CLANG_WARN_NON_LITERAL_NULL_CONVERSION = YES;
				CLANG_WARN_OBJC_IMPLICIT_RETAIN_SELF = YES;
				CLANG_WARN_OBJC_LITERAL_CONVERSION = YES;
				CLANG_WARN_OBJC_ROOT_CLASS = YES_ERROR;
				CLANG_WARN_RANGE_LOOP_ANALYSIS = YES;
				CLANG_WARN_STRICT_PROTOTYPES = YES;
				CLANG_WARN_SUSPICIOUS_MOVE = YES;
				CLANG_WARN_UNGUARDED_AVAILABILITY = YES_AGGRESSIVE;
				CLANG_WARN_UNREACHABLE_CODE = YES;
				CLANG_WARN__DUPLICATE_METHOD_MATCH = YES;
				COPY_PHASE_STRIP = NO;
				DEBUG_INFORMATION_FORMAT = dwarf;
				ENABLE_STRICT_OBJC_MSGSEND = YES;
				ENABLE_TESTABILITY = YES;
				GCC_C_LANGUAGE_STANDARD = gnu11;
				GCC_DYNAMIC_NO_PIC = NO;
				GCC_NO_COMMON_BLOCKS = YES;
				GCC_OPTIMIZATION_LEVEL = 0;
				GCC_PREPROCESSOR_DEFINITIONS = (
					"DEBUG=1",
					"$(inherited)",
				);
				GCC_WARN_64_TO_32_BIT_CONVERSION = YES;
				GCC_WARN_ABOUT_RETURN_TYPE = YES_ERROR;
				GCC_WARN_UNDECLARED_SELECTOR = YES;
				GCC_WARN_UNINITIALIZED_AUTOS = YES_AGGRESSIVE;
				GCC_WARN_UNUSED_FUNCTION = YES;
				GCC_WARN_UNUSED_VARIABLE = YES;
				IPHONEOS_DEPLOYMENT_TARGET = 13.5;
				MTL_ENABLE_DEBUG_INFO = INCLUDE_SOURCE;
				MTL_FAST_MATH = YES;
				ONLY_ACTIVE_ARCH = YES;
				SDKROOT = iphoneos;
				SWIFT_ACTIVE_COMPILATION_CONDITIONS = DEBUG;
				SWIFT_OPTIMIZATION_LEVEL = "-Onone";
			};
			name = Debug;
		};
		D45E5EFE24B47DC600BF1FED /* Release */ = {
			isa = XCBuildConfiguration;
			buildSettings = {
				ALWAYS_SEARCH_USER_PATHS = NO;
				CLANG_ANALYZER_NONNULL = YES;
				CLANG_ANALYZER_NUMBER_OBJECT_CONVERSION = YES_AGGRESSIVE;
				CLANG_CXX_LANGUAGE_STANDARD = "gnu++14";
				CLANG_CXX_LIBRARY = "libc++";
				CLANG_ENABLE_MODULES = YES;
				CLANG_ENABLE_OBJC_ARC = YES;
				CLANG_ENABLE_OBJC_WEAK = YES;
				CLANG_WARN_BLOCK_CAPTURE_AUTORELEASING = YES;
				CLANG_WARN_BOOL_CONVERSION = YES;
				CLANG_WARN_COMMA = YES;
				CLANG_WARN_CONSTANT_CONVERSION = YES;
				CLANG_WARN_DEPRECATED_OBJC_IMPLEMENTATIONS = YES;
				CLANG_WARN_DIRECT_OBJC_ISA_USAGE = YES_ERROR;
				CLANG_WARN_DOCUMENTATION_COMMENTS = YES;
				CLANG_WARN_EMPTY_BODY = YES;
				CLANG_WARN_ENUM_CONVERSION = YES;
				CLANG_WARN_INFINITE_RECURSION = YES;
				CLANG_WARN_INT_CONVERSION = YES;
				CLANG_WARN_NON_LITERAL_NULL_CONVERSION = YES;
				CLANG_WARN_OBJC_IMPLICIT_RETAIN_SELF = YES;
				CLANG_WARN_OBJC_LITERAL_CONVERSION = YES;
				CLANG_WARN_OBJC_ROOT_CLASS = YES_ERROR;
				CLANG_WARN_RANGE_LOOP_ANALYSIS = YES;
				CLANG_WARN_STRICT_PROTOTYPES = YES;
				CLANG_WARN_SUSPICIOUS_MOVE = YES;
				CLANG_WARN_UNGUARDED_AVAILABILITY = YES_AGGRESSIVE;
				CLANG_WARN_UNREACHABLE_CODE = YES;
				CLANG_WARN__DUPLICATE_METHOD_MATCH = YES;
				COPY_PHASE_STRIP = NO;
				DEBUG_INFORMATION_FORMAT = "dwarf-with-dsym";
				ENABLE_NS_ASSERTIONS = NO;
				ENABLE_STRICT_OBJC_MSGSEND = YES;
				GCC_C_LANGUAGE_STANDARD = gnu11;
				GCC_NO_COMMON_BLOCKS = YES;
				GCC_WARN_64_TO_32_BIT_CONVERSION = YES;
				GCC_WARN_ABOUT_RETURN_TYPE = YES_ERROR;
				GCC_WARN_UNDECLARED_SELECTOR = YES;
				GCC_WARN_UNINITIALIZED_AUTOS = YES_AGGRESSIVE;
				GCC_WARN_UNUSED_FUNCTION = YES;
				GCC_WARN_UNUSED_VARIABLE = YES;
				IPHONEOS_DEPLOYMENT_TARGET = 13.5;
				MTL_ENABLE_DEBUG_INFO = NO;
				MTL_FAST_MATH = YES;
				SDKROOT = iphoneos;
				SWIFT_COMPILATION_MODE = wholemodule;
				SWIFT_OPTIMIZATION_LEVEL = "-O";
				VALIDATE_PRODUCT = YES;
			};
			name = Release;
		};
		D45E5F0024B47DC600BF1FED /* Debug */ = {
			isa = XCBuildConfiguration;
			baseConfigurationReference = 69F6B9281BB5CE818FBB2CCF /* Pods-MarvelSearch.debug.xcconfig */;
			buildSettings = {
				ASSETCATALOG_COMPILER_APPICON_NAME = AppIcon;
				CODE_SIGN_STYLE = Automatic;
				INFOPLIST_FILE = MarvelSearch/Info.plist;
				LD_RUNPATH_SEARCH_PATHS = (
					"$(inherited)",
					"@executable_path/Frameworks",
				);
				PRODUCT_BUNDLE_IDENTIFIER = com.AlexanderGrishin.MarvelSearch;
				PRODUCT_NAME = "$(TARGET_NAME)";
				SWIFT_VERSION = 5.0;
				TARGETED_DEVICE_FAMILY = "1,2";
			};
			name = Debug;
		};
		D45E5F0124B47DC600BF1FED /* Release */ = {
			isa = XCBuildConfiguration;
			baseConfigurationReference = ECABD4142682928B72FB8DFC /* Pods-MarvelSearch.release.xcconfig */;
			buildSettings = {
				ASSETCATALOG_COMPILER_APPICON_NAME = AppIcon;
				CODE_SIGN_STYLE = Automatic;
				INFOPLIST_FILE = MarvelSearch/Info.plist;
				LD_RUNPATH_SEARCH_PATHS = (
					"$(inherited)",
					"@executable_path/Frameworks",
				);
				PRODUCT_BUNDLE_IDENTIFIER = com.AlexanderGrishin.MarvelSearch;
				PRODUCT_NAME = "$(TARGET_NAME)";
				SWIFT_VERSION = 5.0;
				TARGETED_DEVICE_FAMILY = "1,2";
			};
			name = Release;
		};
/* End XCBuildConfiguration section */

/* Begin XCConfigurationList section */
		D45E5EE624B47DC500BF1FED /* Build configuration list for PBXProject "MarvelSearch" */ = {
			isa = XCConfigurationList;
			buildConfigurations = (
				D45E5EFD24B47DC600BF1FED /* Debug */,
				D45E5EFE24B47DC600BF1FED /* Release */,
			);
			defaultConfigurationIsVisible = 0;
			defaultConfigurationName = Release;
		};
		D45E5EFF24B47DC600BF1FED /* Build configuration list for PBXNativeTarget "MarvelSearch" */ = {
			isa = XCConfigurationList;
			buildConfigurations = (
				D45E5F0024B47DC600BF1FED /* Debug */,
				D45E5F0124B47DC600BF1FED /* Release */,
			);
			defaultConfigurationIsVisible = 0;
			defaultConfigurationName = Release;
		};
/* End XCConfigurationList section */
	};
	rootObject = D45E5EE324B47DC500BF1FED /* Project object */;
}
